// !$*UTF8*$!
{
	archiveVersion = 1;
	classes = {
	};
	objectVersion = 48;
	objects = {

/* Begin PBXBuildFile section */
		68989D54204EC5DA00BB0B74 /* AppDelegate.swift in Sources */ = {isa = PBXBuildFile; fileRef = 68989D53204EC5DA00BB0B74 /* AppDelegate.swift */; };
		68989D56204EC5DA00BB0B74 /* ViewController.swift in Sources */ = {isa = PBXBuildFile; fileRef = 68989D55204EC5DA00BB0B74 /* ViewController.swift */; };
		68989D59204EC5DA00BB0B74 /* Main.storyboard in Resources */ = {isa = PBXBuildFile; fileRef = 68989D57204EC5DA00BB0B74 /* Main.storyboard */; };
		68989D5B204EC5DA00BB0B74 /* Assets.xcassets in Resources */ = {isa = PBXBuildFile; fileRef = 68989D5A204EC5DA00BB0B74 /* Assets.xcassets */; };
		68989D5E204EC5DA00BB0B74 /* LaunchScreen.storyboard in Resources */ = {isa = PBXBuildFile; fileRef = 68989D5C204EC5DA00BB0B74 /* LaunchScreen.storyboard */; };
		68989D69204EC5DB00BB0B74 /* UILongPressGestureTests.swift in Sources */ = {isa = PBXBuildFile; fileRef = 68989D68204EC5DB00BB0B74 /* UILongPressGestureTests.swift */; };
		68989D74204EC5DB00BB0B74 /* UILongPressGestureUITests.swift in Sources */ = {isa = PBXBuildFile; fileRef = 68989D73204EC5DB00BB0B74 /* UILongPressGestureUITests.swift */; };
/* End PBXBuildFile section */

/* Begin PBXContainerItemProxy section */
		68989D65204EC5DB00BB0B74 /* PBXContainerItemProxy */ = {
			isa = PBXContainerItemProxy;
			containerPortal = 68989D48204EC5DA00BB0B74 /* Project object */;
			proxyType = 1;
			remoteGlobalIDString = 68989D4F204EC5DA00BB0B74;
			remoteInfo = UILongPressGesture;
		};
		68989D70204EC5DB00BB0B74 /* PBXContainerItemProxy */ = {
			isa = PBXContainerItemProxy;
			containerPortal = 68989D48204EC5DA00BB0B74 /* Project object */;
			proxyType = 1;
			remoteGlobalIDString = 68989D4F204EC5DA00BB0B74;
			remoteInfo = UILongPressGesture;
		};
/* End PBXContainerItemProxy section */

/* Begin PBXFileReference section */
		68989D50204EC5DA00BB0B74 /* UILongPressGesture.app */ = {isa = PBXFileReference; explicitFileType = wrapper.application; includeInIndex = 0; path = UILongPressGesture.app; sourceTree = BUILT_PRODUCTS_DIR; };
		68989D53204EC5DA00BB0B74 /* AppDelegate.swift */ = {isa = PBXFileReference; lastKnownFileType = sourcecode.swift; path = AppDelegate.swift; sourceTree = "<group>"; };
		68989D55204EC5DA00BB0B74 /* ViewController.swift */ = {isa = PBXFileReference; lastKnownFileType = sourcecode.swift; path = ViewController.swift; sourceTree = "<group>"; };
		68989D58204EC5DA00BB0B74 /* Base */ = {isa = PBXFileReference; lastKnownFileType = file.storyboard; name = Base; path = Base.lproj/Main.storyboard; sourceTree = "<group>"; };
		68989D5A204EC5DA00BB0B74 /* Assets.xcassets */ = {isa = PBXFileReference; lastKnownFileType = folder.assetcatalog; path = Assets.xcassets; sourceTree = "<group>"; };
		68989D5D204EC5DA00BB0B74 /* Base */ = {isa = PBXFileReference; lastKnownFileType = file.storyboard; name = Base; path = Base.lproj/LaunchScreen.storyboard; sourceTree = "<group>"; };
		68989D5F204EC5DA00BB0B74 /* Info.plist */ = {isa = PBXFileReference; lastKnownFileType = text.plist.xml; path = Info.plist; sourceTree = "<group>"; };
		68989D64204EC5DB00BB0B74 /* UILongPressGestureTests.xctest */ = {isa = PBXFileReference; explicitFileType = wrapper.cfbundle; includeInIndex = 0; path = UILongPressGestureTests.xctest; sourceTree = BUILT_PRODUCTS_DIR; };
		68989D68204EC5DB00BB0B74 /* UILongPressGestureTests.swift */ = {isa = PBXFileReference; lastKnownFileType = sourcecode.swift; path = UILongPressGestureTests.swift; sourceTree = "<group>"; };
		68989D6A204EC5DB00BB0B74 /* Info.plist */ = {isa = PBXFileReference; lastKnownFileType = text.plist.xml; path = Info.plist; sourceTree = "<group>"; };
		68989D6F204EC5DB00BB0B74 /* UILongPressGestureUITests.xctest */ = {isa = PBXFileReference; explicitFileType = wrapper.cfbundle; includeInIndex = 0; path = UILongPressGestureUITests.xctest; sourceTree = BUILT_PRODUCTS_DIR; };
		68989D73204EC5DB00BB0B74 /* UILongPressGestureUITests.swift */ = {isa = PBXFileReference; lastKnownFileType = sourcecode.swift; path = UILongPressGestureUITests.swift; sourceTree = "<group>"; };
		68989D75204EC5DB00BB0B74 /* Info.plist */ = {isa = PBXFileReference; lastKnownFileType = text.plist.xml; path = Info.plist; sourceTree = "<group>"; };
/* End PBXFileReference section */

/* Begin PBXFrameworksBuildPhase section */
		68989D4D204EC5DA00BB0B74 /* Frameworks */ = {
			isa = PBXFrameworksBuildPhase;
			buildActionMask = 2147483647;
			files = (
			);
			runOnlyForDeploymentPostprocessing = 0;
		};
		68989D61204EC5DB00BB0B74 /* Frameworks */ = {
			isa = PBXFrameworksBuildPhase;
			buildActionMask = 2147483647;
			files = (
			);
			runOnlyForDeploymentPostprocessing = 0;
		};
		68989D6C204EC5DB00BB0B74 /* Frameworks */ = {
			isa = PBXFrameworksBuildPhase;
			buildActionMask = 2147483647;
			files = (
			);
			runOnlyForDeploymentPostprocessing = 0;
		};
/* End PBXFrameworksBuildPhase section */

/* Begin PBXGroup section */
		68989D47204EC5DA00BB0B74 = {
			isa = PBXGroup;
			children = (
				68989D52204EC5DA00BB0B74 /* UILongPressGesture */,
				68989D67204EC5DB00BB0B74 /* UILongPressGestureTests */,
				68989D72204EC5DB00BB0B74 /* UILongPressGestureUITests */,
				68989D51204EC5DA00BB0B74 /* Products */,
			);
			sourceTree = "<group>";
		};
		68989D51204EC5DA00BB0B74 /* Products */ = {
			isa = PBXGroup;
			children = (
				68989D50204EC5DA00BB0B74 /* UILongPressGesture.app */,
				68989D64204EC5DB00BB0B74 /* UILongPressGestureTests.xctest */,
				68989D6F204EC5DB00BB0B74 /* UILongPressGestureUITests.xctest */,
			);
			name = Products;
			sourceTree = "<group>";
		};
		68989D52204EC5DA00BB0B74 /* UILongPressGesture */ = {
			isa = PBXGroup;
			children = (
				68989D53204EC5DA00BB0B74 /* AppDelegate.swift */,
				68989D55204EC5DA00BB0B74 /* ViewController.swift */,
				68989D57204EC5DA00BB0B74 /* Main.storyboard */,
				68989D5A204EC5DA00BB0B74 /* Assets.xcassets */,
				68989D5C204EC5DA00BB0B74 /* LaunchScreen.storyboard */,
				68989D5F204EC5DA00BB0B74 /* Info.plist */,
			);
			path = UILongPressGesture;
			sourceTree = "<group>";
		};
		68989D67204EC5DB00BB0B74 /* UILongPressGestureTests */ = {
			isa = PBXGroup;
			children = (
				68989D68204EC5DB00BB0B74 /* UILongPressGestureTests.swift */,
				68989D6A204EC5DB00BB0B74 /* Info.plist */,
			);
			path = UILongPressGestureTests;
			sourceTree = "<group>";
		};
		68989D72204EC5DB00BB0B74 /* UILongPressGestureUITests */ = {
			isa = PBXGroup;
			children = (
				68989D73204EC5DB00BB0B74 /* UILongPressGestureUITests.swift */,
				68989D75204EC5DB00BB0B74 /* Info.plist */,
			);
			path = UILongPressGestureUITests;
			sourceTree = "<group>";
		};
/* End PBXGroup section */

/* Begin PBXNativeTarget section */
		68989D4F204EC5DA00BB0B74 /* UILongPressGesture */ = {
			isa = PBXNativeTarget;
			buildConfigurationList = 68989D78204EC5DB00BB0B74 /* Build configuration list for PBXNativeTarget "UILongPressGesture" */;
			buildPhases = (
				68989D4C204EC5DA00BB0B74 /* Sources */,
				68989D4D204EC5DA00BB0B74 /* Frameworks */,
				68989D4E204EC5DA00BB0B74 /* Resources */,
			);
			buildRules = (
			);
			dependencies = (
			);
			name = UILongPressGesture;
			productName = UILongPressGesture;
			productReference = 68989D50204EC5DA00BB0B74 /* UILongPressGesture.app */;
			productType = "com.apple.product-type.application";
		};
		68989D63204EC5DB00BB0B74 /* UILongPressGestureTests */ = {
			isa = PBXNativeTarget;
			buildConfigurationList = 68989D7B204EC5DB00BB0B74 /* Build configuration list for PBXNativeTarget "UILongPressGestureTests" */;
			buildPhases = (
				68989D60204EC5DB00BB0B74 /* Sources */,
				68989D61204EC5DB00BB0B74 /* Frameworks */,
				68989D62204EC5DB00BB0B74 /* Resources */,
			);
			buildRules = (
			);
			dependencies = (
				68989D66204EC5DB00BB0B74 /* PBXTargetDependency */,
			);
			name = UILongPressGestureTests;
			productName = UILongPressGestureTests;
			productReference = 68989D64204EC5DB00BB0B74 /* UILongPressGestureTests.xctest */;
			productType = "com.apple.product-type.bundle.unit-test";
		};
		68989D6E204EC5DB00BB0B74 /* UILongPressGestureUITests */ = {
			isa = PBXNativeTarget;
			buildConfigurationList = 68989D7E204EC5DB00BB0B74 /* Build configuration list for PBXNativeTarget "UILongPressGestureUITests" */;
			buildPhases = (
				68989D6B204EC5DB00BB0B74 /* Sources */,
				68989D6C204EC5DB00BB0B74 /* Frameworks */,
				68989D6D204EC5DB00BB0B74 /* Resources */,
			);
			buildRules = (
			);
			dependencies = (
				68989D71204EC5DB00BB0B74 /* PBXTargetDependency */,
			);
			name = UILongPressGestureUITests;
			productName = UILongPressGestureUITests;
			productReference = 68989D6F204EC5DB00BB0B74 /* UILongPressGestureUITests.xctest */;
			productType = "com.apple.product-type.bundle.ui-testing";
		};
/* End PBXNativeTarget section */

/* Begin PBXProject section */
		68989D48204EC5DA00BB0B74 /* Project object */ = {
			isa = PBXProject;
			attributes = {
				LastSwiftUpdateCheck = 0920;
				LastUpgradeCheck = 0920;
				ORGANIZATIONNAME = MyCompany;
				TargetAttributes = {
					68989D4F204EC5DA00BB0B74 = {
						CreatedOnToolsVersion = 9.2;
						ProvisioningStyle = Automatic;
					};
					68989D63204EC5DB00BB0B74 = {
						CreatedOnToolsVersion = 9.2;
						ProvisioningStyle = Automatic;
						TestTargetID = 68989D4F204EC5DA00BB0B74;
					};
					68989D6E204EC5DB00BB0B74 = {
						CreatedOnToolsVersion = 9.2;
						ProvisioningStyle = Automatic;
						TestTargetID = 68989D4F204EC5DA00BB0B74;
					};
				};
			};
			buildConfigurationList = 68989D4B204EC5DA00BB0B74 /* Build configuration list for PBXProject "UILongPressGesture" */;
			compatibilityVersion = "Xcode 8.0";
			developmentRegion = en;
			hasScannedForEncodings = 0;
			knownRegions = (
				en,
				Base,
			);
			mainGroup = 68989D47204EC5DA00BB0B74;
			productRefGroup = 68989D51204EC5DA00BB0B74 /* Products */;
			projectDirPath = "";
			projectRoot = "";
			targets = (
				68989D4F204EC5DA00BB0B74 /* UILongPressGesture */,
				68989D63204EC5DB00BB0B74 /* UILongPressGestureTests */,
				68989D6E204EC5DB00BB0B74 /* UILongPressGestureUITests */,
			);
		};
/* End PBXProject section */

/* Begin PBXResourcesBuildPhase section */
		68989D4E204EC5DA00BB0B74 /* Resources */ = {
			isa = PBXResourcesBuildPhase;
			buildActionMask = 2147483647;
			files = (
				68989D5E204EC5DA00BB0B74 /* LaunchScreen.storyboard in Resources */,
				68989D5B204EC5DA00BB0B74 /* Assets.xcassets in Resources */,
				68989D59204EC5DA00BB0B74 /* Main.storyboard in Resources */,
			);
			runOnlyForDeploymentPostprocessing = 0;
		};
		68989D62204EC5DB00BB0B74 /* Resources */ = {
			isa = PBXResourcesBuildPhase;
			buildActionMask = 2147483647;
			files = (
			);
			runOnlyForDeploymentPostprocessing = 0;
		};
		68989D6D204EC5DB00BB0B74 /* Resources */ = {
			isa = PBXResourcesBuildPhase;
			buildActionMask = 2147483647;
			files = (
			);
			runOnlyForDeploymentPostprocessing = 0;
		};
/* End PBXResourcesBuildPhase section */

/* Begin PBXSourcesBuildPhase section */
		68989D4C204EC5DA00BB0B74 /* Sources */ = {
			isa = PBXSourcesBuildPhase;
			buildActionMask = 2147483647;
			files = (
				68989D56204EC5DA00BB0B74 /* ViewController.swift in Sources */,
				68989D54204EC5DA00BB0B74 /* AppDelegate.swift in Sources */,
			);
			runOnlyForDeploymentPostprocessing = 0;
		};
		68989D60204EC5DB00BB0B74 /* Sources */ = {
			isa = PBXSourcesBuildPhase;
			buildActionMask = 2147483647;
			files = (
				68989D69204EC5DB00BB0B74 /* UILongPressGestureTests.swift in Sources */,
			);
			runOnlyForDeploymentPostprocessing = 0;
		};
		68989D6B204EC5DB00BB0B74 /* Sources */ = {
			isa = PBXSourcesBuildPhase;
			buildActionMask = 2147483647;
			files = (
				68989D74204EC5DB00BB0B74 /* UILongPressGestureUITests.swift in Sources */,
			);
			runOnlyForDeploymentPostprocessing = 0;
		};
/* End PBXSourcesBuildPhase section */

/* Begin PBXTargetDependency section */
		68989D66204EC5DB00BB0B74 /* PBXTargetDependency */ = {
			isa = PBXTargetDependency;
			target = 68989D4F204EC5DA00BB0B74 /* UILongPressGesture */;
			targetProxy = 68989D65204EC5DB00BB0B74 /* PBXContainerItemProxy */;
		};
		68989D71204EC5DB00BB0B74 /* PBXTargetDependency */ = {
			isa = PBXTargetDependency;
			target = 68989D4F204EC5DA00BB0B74 /* UILongPressGesture */;
			targetProxy = 68989D70204EC5DB00BB0B74 /* PBXContainerItemProxy */;
		};
/* End PBXTargetDependency section */

/* Begin PBXVariantGroup section */
		68989D57204EC5DA00BB0B74 /* Main.storyboard */ = {
			isa = PBXVariantGroup;
			children = (
				68989D58204EC5DA00BB0B74 /* Base */,
			);
			name = Main.storyboard;
			sourceTree = "<group>";
		};
		68989D5C204EC5DA00BB0B74 /* LaunchScreen.storyboard */ = {
			isa = PBXVariantGroup;
			children = (
				68989D5D204EC5DA00BB0B74 /* Base */,
			);
			name = LaunchScreen.storyboard;
			sourceTree = "<group>";
		};
/* End PBXVariantGroup section */

/* Begin XCBuildConfiguration section */
		68989D76204EC5DB00BB0B74 /* Debug */ = {
			isa = XCBuildConfiguration;
			buildSettings = {
				ALWAYS_SEARCH_USER_PATHS = NO;
				CLANG_ANALYZER_NONNULL = YES;
				CLANG_ANALYZER_NUMBER_OBJECT_CONVERSION = YES_AGGRESSIVE;
				CLANG_CXX_LANGUAGE_STANDARD = "gnu++14";
				CLANG_CXX_LIBRARY = "libc++";
				CLANG_ENABLE_MODULES = YES;
				CLANG_ENABLE_OBJC_ARC = YES;
				CLANG_WARN_BLOCK_CAPTURE_AUTORELEASING = YES;
				CLANG_WARN_BOOL_CONVERSION = YES;
				CLANG_WARN_COMMA = YES;
				CLANG_WARN_CONSTANT_CONVERSION = YES;
				CLANG_WARN_DIRECT_OBJC_ISA_USAGE = YES_ERROR;
				CLANG_WARN_DOCUMENTATION_COMMENTS = YES;
				CLANG_WARN_EMPTY_BODY = YES;
				CLANG_WARN_ENUM_CONVERSION = YES;
				CLANG_WARN_INFINITE_RECURSION = YES;
				CLANG_WARN_INT_CONVERSION = YES;
				CLANG_WARN_NON_LITERAL_NULL_CONVERSION = YES;
				CLANG_WARN_OBJC_LITERAL_CONVERSION = YES;
				CLANG_WARN_OBJC_ROOT_CLASS = YES_ERROR;
				CLANG_WARN_RANGE_LOOP_ANALYSIS = YES;
				CLANG_WARN_STRICT_PROTOTYPES = YES;
				CLANG_WARN_SUSPICIOUS_MOVE = YES;
				CLANG_WARN_UNGUARDED_AVAILABILITY = YES_AGGRESSIVE;
				CLANG_WARN_UNREACHABLE_CODE = YES;
				CLANG_WARN__DUPLICATE_METHOD_MATCH = YES;
				CODE_SIGN_IDENTITY = "iPhone Developer";
				COPY_PHASE_STRIP = NO;
				DEBUG_INFORMATION_FORMAT = dwarf;
				ENABLE_STRICT_OBJC_MSGSEND = YES;
				ENABLE_TESTABILITY = YES;
				GCC_C_LANGUAGE_STANDARD = gnu11;
				GCC_DYNAMIC_NO_PIC = NO;
				GCC_NO_COMMON_BLOCKS = YES;
				GCC_OPTIMIZATION_LEVEL = 0;
				GCC_PREPROCESSOR_DEFINITIONS = (
					"DEBUG=1",
					"$(inherited)",
				);
				GCC_WARN_64_TO_32_BIT_CONVERSION = YES;
				GCC_WARN_ABOUT_RETURN_TYPE = YES_ERROR;
				GCC_WARN_UNDECLARED_SELECTOR = YES;
				GCC_WARN_UNINITIALIZED_AUTOS = YES_AGGRESSIVE;
				GCC_WARN_UNUSED_FUNCTION = YES;
				GCC_WARN_UNUSED_VARIABLE = YES;
				IPHONEOS_DEPLOYMENT_TARGET = 11.2;
				MTL_ENABLE_DEBUG_INFO = YES;
				ONLY_ACTIVE_ARCH = YES;
				SDKROOT = iphoneos;
				SWIFT_ACTIVE_COMPILATION_CONDITIONS = DEBUG;
				SWIFT_OPTIMIZATION_LEVEL = "-Onone";
			};
			name = Debug;
		};
		68989D77204EC5DB00BB0B74 /* Release */ = {
			isa = XCBuildConfiguration;
			buildSettings = {
				ALWAYS_SEARCH_USER_PATHS = NO;
				CLANG_ANALYZER_NONNULL = YES;
				CLANG_ANALYZER_NUMBER_OBJECT_CONVERSION = YES_AGGRESSIVE;
				CLANG_CXX_LANGUAGE_STANDARD = "gnu++14";
				CLANG_CXX_LIBRARY = "libc++";
				CLANG_ENABLE_MODULES = YES;
				CLANG_ENABLE_OBJC_ARC = YES;
				CLANG_WARN_BLOCK_CAPTURE_AUTORELEASING = YES;
				CLANG_WARN_BOOL_CONVERSION = YES;
				CLANG_WARN_COMMA = YES;
				CLANG_WARN_CONSTANT_CONVERSION = YES;
				CLANG_WARN_DIRECT_OBJC_ISA_USAGE = YES_ERROR;
				CLANG_WARN_DOCUMENTATION_COMMENTS = YES;
				CLANG_WARN_EMPTY_BODY = YES;
				CLANG_WARN_ENUM_CONVERSION = YES;
				CLANG_WARN_INFINITE_RECURSION = YES;
				CLANG_WARN_INT_CONVERSION = YES;
				CLANG_WARN_NON_LITERAL_NULL_CONVERSION = YES;
				CLANG_WARN_OBJC_LITERAL_CONVERSION = YES;
				CLANG_WARN_OBJC_ROOT_CLASS = YES_ERROR;
				CLANG_WARN_RANGE_LOOP_ANALYSIS = YES;
				CLANG_WARN_STRICT_PROTOTYPES = YES;
				CLANG_WARN_SUSPICIOUS_MOVE = YES;
				CLANG_WARN_UNGUARDED_AVAILABILITY = YES_AGGRESSIVE;
				CLANG_WARN_UNREACHABLE_CODE = YES;
				CLANG_WARN__DUPLICATE_METHOD_MATCH = YES;
				CODE_SIGN_IDENTITY = "iPhone Developer";
				COPY_PHASE_STRIP = NO;
				DEBUG_INFORMATION_FORMAT = "dwarf-with-dsym";
				ENABLE_NS_ASSERTIONS = NO;
				ENABLE_STRICT_OBJC_MSGSEND = YES;
				GCC_C_LANGUAGE_STANDARD = gnu11;
				GCC_NO_COMMON_BLOCKS = YES;
				GCC_WARN_64_TO_32_BIT_CONVERSION = YES;
				GCC_WARN_ABOUT_RETURN_TYPE = YES_ERROR;
				GCC_WARN_UNDECLARED_SELECTOR = YES;
				GCC_WARN_UNINITIALIZED_AUTOS = YES_AGGRESSIVE;
				GCC_WARN_UNUSED_FUNCTION = YES;
				GCC_WARN_UNUSED_VARIABLE = YES;
				IPHONEOS_DEPLOYMENT_TARGET = 11.2;
				MTL_ENABLE_DEBUG_INFO = NO;
				SDKROOT = iphoneos;
				SWIFT_OPTIMIZATION_LEVEL = "-Owholemodule";
				VALIDATE_PRODUCT = YES;
			};
			name = Release;
		};
		68989D79204EC5DB00BB0B74 /* Debug */ = {
			isa = XCBuildConfiguration;
			buildSettings = {
				ASSETCATALOG_COMPILER_APPICON_NAME = AppIcon;
				CODE_SIGN_STYLE = Automatic;
				INFOPLIST_FILE = UILongPressGesture/Info.plist;
				LD_RUNPATH_SEARCH_PATHS = "$(inherited) @executable_path/Frameworks";
				PRODUCT_BUNDLE_IDENTIFIER = com.mycompany.myapp.UILongPressGesture;
				PRODUCT_NAME = "$(TARGET_NAME)";
				SWIFT_VERSION = 4.0;
				TARGETED_DEVICE_FAMILY = "1,2";
			};
			name = Debug;
		};
		68989D7A204EC5DB00BB0B74 /* Release */ = {
			isa = XCBuildConfiguration;
			buildSettings = {
				ASSETCATALOG_COMPILER_APPICON_NAME = AppIcon;
				CODE_SIGN_STYLE = Automatic;
				INFOPLIST_FILE = UILongPressGesture/Info.plist;
				LD_RUNPATH_SEARCH_PATHS = "$(inherited) @executable_path/Frameworks";
				PRODUCT_BUNDLE_IDENTIFIER = com.mycompany.myapp.UILongPressGesture;
				PRODUCT_NAME = "$(TARGET_NAME)";
				SWIFT_VERSION = 4.0;
				TARGETED_DEVICE_FAMILY = "1,2";
			};
			name = Release;
		};
		68989D7C204EC5DB00BB0B74 /* Debug */ = {
			isa = XCBuildConfiguration;
			buildSettings = {
				ALWAYS_EMBED_SWIFT_STANDARD_LIBRARIES = YES;
				BUNDLE_LOADER = "$(TEST_HOST)";
				CODE_SIGN_STYLE = Automatic;
				INFOPLIST_FILE = UILongPressGestureTests/Info.plist;
				LD_RUNPATH_SEARCH_PATHS = "$(inherited) @executable_path/Frameworks @loader_path/Frameworks";
				PRODUCT_BUNDLE_IDENTIFIER = com.mycompany.myapp.UILongPressGestureTests;
				PRODUCT_NAME = "$(TARGET_NAME)";
				SWIFT_VERSION = 4.0;
				TARGETED_DEVICE_FAMILY = "1,2";
				TEST_HOST = "$(BUILT_PRODUCTS_DIR)/UILongPressGesture.app/UILongPressGesture";
			};
			name = Debug;
		};
		68989D7D204EC5DB00BB0B74 /* Release */ = {
			isa = XCBuildConfiguration;
			buildSettings = {
				ALWAYS_EMBED_SWIFT_STANDARD_LIBRARIES = YES;
				BUNDLE_LOADER = "$(TEST_HOST)";
				CODE_SIGN_STYLE = Automatic;
				INFOPLIST_FILE = UILongPressGestureTests/Info.plist;
				LD_RUNPATH_SEARCH_PATHS = "$(inherited) @executable_path/Frameworks @loader_path/Frameworks";
				PRODUCT_BUNDLE_IDENTIFIER = com.mycompany.myapp.UILongPressGestureTests;
				PRODUCT_NAME = "$(TARGET_NAME)";
				SWIFT_VERSION = 4.0;
				TARGETED_DEVICE_FAMILY = "1,2";
				TEST_HOST = "$(BUILT_PRODUCTS_DIR)/UILongPressGesture.app/UILongPressGesture";
			};
			name = Release;
		};
		68989D7F204EC5DB00BB0B74 /* Debug */ = {
			isa = XCBuildConfiguration;
			buildSettings = {
				ALWAYS_EMBED_SWIFT_STANDARD_LIBRARIES = YES;
				CODE_SIGN_STYLE = Automatic;
				INFOPLIST_FILE = UILongPressGestureUITests/Info.plist;
				LD_RUNPATH_SEARCH_PATHS = "$(inherited) @executable_path/Frameworks @loader_path/Frameworks";
				PRODUCT_BUNDLE_IDENTIFIER = com.mycompany.myapp.UILongPressGestureUITests;
				PRODUCT_NAME = "$(TARGET_NAME)";
				SWIFT_VERSION = 4.0;
				TARGETED_DEVICE_FAMILY = "1,2";
				TEST_TARGET_NAME = UILongPressGesture;
			};
			name = Debug;
		};
		68989D80204EC5DB00BB0B74 /* Release */ = {
			isa = XCBuildConfiguration;
			buildSettings = {
				ALWAYS_EMBED_SWIFT_STANDARD_LIBRARIES = YES;
				CODE_SIGN_STYLE = Automatic;
				INFOPLIST_FILE = UILongPressGestureUITests/Info.plist;
				LD_RUNPATH_SEARCH_PATHS = "$(inherited) @executable_path/Frameworks @loader_path/Frameworks";
				PRODUCT_BUNDLE_IDENTIFIER = com.mycompany.myapp.UILongPressGestureUITests;
				PRODUCT_NAME = "$(TARGET_NAME)";
				SWIFT_VERSION = 4.0;
				TARGETED_DEVICE_FAMILY = "1,2";
				TEST_TARGET_NAME = UILongPressGesture;
			};
			name = Release;
		};
/* End XCBuildConfiguration section */

/* Begin XCConfigurationList section */
		68989D4B204EC5DA00BB0B74 /* Build configuration list for PBXProject "UILongPressGesture" */ = {
			isa = XCConfigurationList;
			buildConfigurations = (
				68989D76204EC5DB00BB0B74 /* Debug */,
				68989D77204EC5DB00BB0B74 /* Release */,
			);
			defaultConfigurationIsVisible = 0;
			defaultConfigurationName = Release;
		};
		68989D78204EC5DB00BB0B74 /* Build configuration list for PBXNativeTarget "UILongPressGesture" */ = {
			isa = XCConfigurationList;
			buildConfigurations = (
				68989D79204EC5DB00BB0B74 /* Debug */,
				68989D7A204EC5DB00BB0B74 /* Release */,
			);
			defaultConfigurationIsVisible = 0;
			defaultConfigurationName = Release;
		};
		68989D7B204EC5DB00BB0B74 /* Build configuration list for PBXNativeTarget "UILongPressGestureTests" */ = {
			isa = XCConfigurationList;
			buildConfigurations = (
				68989D7C204EC5DB00BB0B74 /* Debug */,
				68989D7D204EC5DB00BB0B74 /* Release */,
			);
			defaultConfigurationIsVisible = 0;
			defaultConfigurationName = Release;
		};
		68989D7E204EC5DB00BB0B74 /* Build configuration list for PBXNativeTarget "UILongPressGestureUITests" */ = {
			isa = XCConfigurationList;
			buildConfigurations = (
				68989D7F204EC5DB00BB0B74 /* Debug */,
				68989D80204EC5DB00BB0B74 /* Release */,
			);
			defaultConfigurationIsVisible = 0;
			defaultConfigurationName = Release;
		};
/* End XCConfigurationList section */
	};
	rootObject = 68989D48204EC5DA00BB0B74 /* Project object */;
}
